load:
  cmd: python code/load.py
  deps:
  - path: config/load.json
    md5: 191c2d5e1cfc5bac140469574de28374
  outs:
  - path: data
    md5: 1287609689d1fd5d02535e385e00eac1.dir
train:
  cmd: python -B code/train.py
  deps:
  - path: config/train.json
    md5: 96e445bc2a3ecdf214b90a093386a5ec
  - path: data
    md5: 1287609689d1fd5d02535e385e00eac1.dir
  outs:
  - path: history.csv
    md5: 28f01cb72978b50b4c18ce283fd5019b
  - path: model.h5
    md5: de5fc74fac868ba52f73d3afddfb4328
evaluate:
  cmd: python -B code/evaluate.py
  deps:
  - path: model.h5
    md5: de5fc74fac868ba52f73d3afddfb4328
  outs:
  - path: metrics.json
    md5: 7c3c9cb6e9c739aeee9b6301b6406296
